// !$*UTF8*$!
{
	archiveVersion = 1;
	classes = {
	};
	objectVersion = 50;
	objects = {

/* Begin PBXBuildFile section */
		2D8DAE3623BE5E3E0031F340 /* AppDelegate.swift in Sources */ = {isa = PBXBuildFile; fileRef = 2D8DAE3523BE5E3E0031F340 /* AppDelegate.swift */; };
		2D8DAE3823BE5E3E0031F340 /* SceneDelegate.swift in Sources */ = {isa = PBXBuildFile; fileRef = 2D8DAE3723BE5E3E0031F340 /* SceneDelegate.swift */; };
		2D8DAE3A23BE5E3E0031F340 /* ViewController.swift in Sources */ = {isa = PBXBuildFile; fileRef = 2D8DAE3923BE5E3E0031F340 /* ViewController.swift */; };
		2D8DAE3D23BE5E3E0031F340 /* Main.storyboard in Resources */ = {isa = PBXBuildFile; fileRef = 2D8DAE3B23BE5E3E0031F340 /* Main.storyboard */; };
		2D8DAE3F23BE5E410031F340 /* Assets.xcassets in Resources */ = {isa = PBXBuildFile; fileRef = 2D8DAE3E23BE5E410031F340 /* Assets.xcassets */; };
		2D8DAE4223BE5E410031F340 /* LaunchScreen.storyboard in Resources */ = {isa = PBXBuildFile; fileRef = 2D8DAE4023BE5E410031F340 /* LaunchScreen.storyboard */; };
		2D8DAE4A23BE5F8C0031F340 /* NewsApiKey.swift in Sources */ = {isa = PBXBuildFile; fileRef = 2D8DAE4923BE5F8C0031F340 /* NewsApiKey.swift */; };
		2D8DAE4D23BE61BF0031F340 /* NewsListViewController.swift in Sources */ = {isa = PBXBuildFile; fileRef = 2D8DAE4B23BE61BF0031F340 /* NewsListViewController.swift */; };
		2D8DAE4E23BE61BF0031F340 /* NewsListViewController.xib in Resources */ = {isa = PBXBuildFile; fileRef = 2D8DAE4C23BE61BF0031F340 /* NewsListViewController.xib */; };
		2D8DAE5123BE61E30031F340 /* NewsCollectionViewCell.swift in Sources */ = {isa = PBXBuildFile; fileRef = 2D8DAE4F23BE61E30031F340 /* NewsCollectionViewCell.swift */; };
		2D8DAE5223BE61E30031F340 /* NewsCollectionViewCell.xib in Resources */ = {isa = PBXBuildFile; fileRef = 2D8DAE5023BE61E30031F340 /* NewsCollectionViewCell.xib */; };
/* End PBXBuildFile section */

/* Begin PBXFileReference section */
		2D8DAE3223BE5E3E0031F340 /* News MVVM-C.app */ = {isa = PBXFileReference; explicitFileType = wrapper.application; includeInIndex = 0; path = "News MVVM-C.app"; sourceTree = BUILT_PRODUCTS_DIR; };
		2D8DAE3523BE5E3E0031F340 /* AppDelegate.swift */ = {isa = PBXFileReference; lastKnownFileType = sourcecode.swift; path = AppDelegate.swift; sourceTree = "<group>"; };
		2D8DAE3723BE5E3E0031F340 /* SceneDelegate.swift */ = {isa = PBXFileReference; lastKnownFileType = sourcecode.swift; path = SceneDelegate.swift; sourceTree = "<group>"; };
		2D8DAE3923BE5E3E0031F340 /* ViewController.swift */ = {isa = PBXFileReference; lastKnownFileType = sourcecode.swift; path = ViewController.swift; sourceTree = "<group>"; };
		2D8DAE3C23BE5E3E0031F340 /* Base */ = {isa = PBXFileReference; lastKnownFileType = file.storyboard; name = Base; path = Base.lproj/Main.storyboard; sourceTree = "<group>"; };
		2D8DAE3E23BE5E410031F340 /* Assets.xcassets */ = {isa = PBXFileReference; lastKnownFileType = folder.assetcatalog; path = Assets.xcassets; sourceTree = "<group>"; };
		2D8DAE4123BE5E410031F340 /* Base */ = {isa = PBXFileReference; lastKnownFileType = file.storyboard; name = Base; path = Base.lproj/LaunchScreen.storyboard; sourceTree = "<group>"; };
		2D8DAE4323BE5E410031F340 /* Info.plist */ = {isa = PBXFileReference; lastKnownFileType = text.plist.xml; path = Info.plist; sourceTree = "<group>"; };
		2D8DAE4923BE5F8C0031F340 /* NewsApiKey.swift */ = {isa = PBXFileReference; lastKnownFileType = sourcecode.swift; path = NewsApiKey.swift; sourceTree = "<group>"; };
		2D8DAE4B23BE61BF0031F340 /* NewsListViewController.swift */ = {isa = PBXFileReference; lastKnownFileType = sourcecode.swift; path = NewsListViewController.swift; sourceTree = "<group>"; };
		2D8DAE4C23BE61BF0031F340 /* NewsListViewController.xib */ = {isa = PBXFileReference; lastKnownFileType = file.xib; path = NewsListViewController.xib; sourceTree = "<group>"; };
		2D8DAE4F23BE61E30031F340 /* NewsCollectionViewCell.swift */ = {isa = PBXFileReference; lastKnownFileType = sourcecode.swift; path = NewsCollectionViewCell.swift; sourceTree = "<group>"; };
		2D8DAE5023BE61E30031F340 /* NewsCollectionViewCell.xib */ = {isa = PBXFileReference; lastKnownFileType = file.xib; path = NewsCollectionViewCell.xib; sourceTree = "<group>"; };
/* End PBXFileReference section */

/* Begin PBXFrameworksBuildPhase section */
		2D8DAE2F23BE5E3E0031F340 /* Frameworks */ = {
			isa = PBXFrameworksBuildPhase;
			buildActionMask = 2147483647;
			files = (
			);
			runOnlyForDeploymentPostprocessing = 0;
		};
/* End PBXFrameworksBuildPhase section */

/* Begin PBXGroup section */
		2D8DAE2923BE5E3E0031F340 = {
			isa = PBXGroup;
			children = (
				2D8DAE3423BE5E3E0031F340 /* News MVVM-C */,
				2D8DAE3323BE5E3E0031F340 /* Products */,
			);
			sourceTree = "<group>";
		};
		2D8DAE3323BE5E3E0031F340 /* Products */ = {
			isa = PBXGroup;
			children = (
				2D8DAE3223BE5E3E0031F340 /* News MVVM-C.app */,
			);
			name = Products;
			sourceTree = "<group>";
		};
		2D8DAE3423BE5E3E0031F340 /* News MVVM-C */ = {
			isa = PBXGroup;
			children = (
				2D8DAE3523BE5E3E0031F340 /* AppDelegate.swift */,
				2D8DAE3723BE5E3E0031F340 /* SceneDelegate.swift */,
				2D8DAE5323BE61E80031F340 /* News List */,
				2D8DAE3923BE5E3E0031F340 /* ViewController.swift */,
				2D8DAE3B23BE5E3E0031F340 /* Main.storyboard */,
				2D8DAE3E23BE5E410031F340 /* Assets.xcassets */,
				2D8DAE4023BE5E410031F340 /* LaunchScreen.storyboard */,
				2D8DAE4323BE5E410031F340 /* Info.plist */,
				2D8DAE4923BE5F8C0031F340 /* NewsApiKey.swift */,
			);
			path = "News MVVM-C";
			sourceTree = "<group>";
		};
		2D8DAE5323BE61E80031F340 /* News List */ = {
			isa = PBXGroup;
			children = (
				2D8DAE4B23BE61BF0031F340 /* NewsListViewController.swift */,
				2D8DAE4C23BE61BF0031F340 /* NewsListViewController.xib */,
				2D8DAE4F23BE61E30031F340 /* NewsCollectionViewCell.swift */,
				2D8DAE5023BE61E30031F340 /* NewsCollectionViewCell.xib */,
			);
			path = "News List";
			sourceTree = "<group>";
		};
/* End PBXGroup section */

/* Begin PBXNativeTarget section */
		2D8DAE3123BE5E3E0031F340 /* News MVVM-C */ = {
			isa = PBXNativeTarget;
			buildConfigurationList = 2D8DAE4623BE5E410031F340 /* Build configuration list for PBXNativeTarget "News MVVM-C" */;
			buildPhases = (
				2D8DAE2E23BE5E3E0031F340 /* Sources */,
				2D8DAE2F23BE5E3E0031F340 /* Frameworks */,
				2D8DAE3023BE5E3E0031F340 /* Resources */,
			);
			buildRules = (
			);
			dependencies = (
			);
			name = "News MVVM-C";
			productName = "News MVVM-C";
			productReference = 2D8DAE3223BE5E3E0031F340 /* News MVVM-C.app */;
			productType = "com.apple.product-type.application";
		};
/* End PBXNativeTarget section */

/* Begin PBXProject section */
		2D8DAE2A23BE5E3E0031F340 /* Project object */ = {
			isa = PBXProject;
			attributes = {
				LastSwiftUpdateCheck = 1110;
				LastUpgradeCheck = 1110;
				ORGANIZATIONNAME = "Onur Tuna";
				TargetAttributes = {
					2D8DAE3123BE5E3E0031F340 = {
						CreatedOnToolsVersion = 11.1;
					};
				};
			};
			buildConfigurationList = 2D8DAE2D23BE5E3E0031F340 /* Build configuration list for PBXProject "News MVVM-C" */;
			compatibilityVersion = "Xcode 9.3";
			developmentRegion = en;
			hasScannedForEncodings = 0;
			knownRegions = (
				en,
				Base,
			);
			mainGroup = 2D8DAE2923BE5E3E0031F340;
			productRefGroup = 2D8DAE3323BE5E3E0031F340 /* Products */;
			projectDirPath = "";
			projectRoot = "";
			targets = (
				2D8DAE3123BE5E3E0031F340 /* News MVVM-C */,
			);
		};
/* End PBXProject section */

/* Begin PBXResourcesBuildPhase section */
		2D8DAE3023BE5E3E0031F340 /* Resources */ = {
			isa = PBXResourcesBuildPhase;
			buildActionMask = 2147483647;
			files = (
				2D8DAE4223BE5E410031F340 /* LaunchScreen.storyboard in Resources */,
				2D8DAE3F23BE5E410031F340 /* Assets.xcassets in Resources */,
				2D8DAE3D23BE5E3E0031F340 /* Main.storyboard in Resources */,
				2D8DAE5223BE61E30031F340 /* NewsCollectionViewCell.xib in Resources */,
				2D8DAE4E23BE61BF0031F340 /* NewsListViewController.xib in Resources */,
			);
			runOnlyForDeploymentPostprocessing = 0;
		};
/* End PBXResourcesBuildPhase section */

/* Begin PBXSourcesBuildPhase section */
		2D8DAE2E23BE5E3E0031F340 /* Sources */ = {
			isa = PBXSourcesBuildPhase;
			buildActionMask = 2147483647;
			files = (
				2D8DAE4D23BE61BF0031F340 /* NewsListViewController.swift in Sources */,
				2D8DAE5123BE61E30031F340 /* NewsCollectionViewCell.swift in Sources */,
				2D8DAE3A23BE5E3E0031F340 /* ViewController.swift in Sources */,
				2D8DAE3623BE5E3E0031F340 /* AppDelegate.swift in Sources */,
				2D8DAE3823BE5E3E0031F340 /* SceneDelegate.swift in Sources */,
				2D8DAE4A23BE5F8C0031F340 /* NewsApiKey.swift in Sources */,
			);
			runOnlyForDeploymentPostprocessing = 0;
		};
/* End PBXSourcesBuildPhase section */

/* Begin PBXVariantGroup section */
		2D8DAE3B23BE5E3E0031F340 /* Main.storyboard */ = {
			isa = PBXVariantGroup;
			children = (
				2D8DAE3C23BE5E3E0031F340 /* Base */,
			);
			name = Main.storyboard;
			sourceTree = "<group>";
		};
		2D8DAE4023BE5E410031F340 /* LaunchScreen.storyboard */ = {
			isa = PBXVariantGroup;
			children = (
				2D8DAE4123BE5E410031F340 /* Base */,
			);
			name = LaunchScreen.storyboard;
			sourceTree = "<group>";
		};
/* End PBXVariantGroup section */

/* Begin XCBuildConfiguration section */
		2D8DAE4423BE5E410031F340 /* Debug */ = {
			isa = XCBuildConfiguration;
			buildSettings = {
				ALWAYS_SEARCH_USER_PATHS = NO;
				CLANG_ANALYZER_NONNULL = YES;
				CLANG_ANALYZER_NUMBER_OBJECT_CONVERSION = YES_AGGRESSIVE;
				CLANG_CXX_LANGUAGE_STANDARD = "gnu++14";
				CLANG_CXX_LIBRARY = "libc++";
				CLANG_ENABLE_MODULES = YES;
				CLANG_ENABLE_OBJC_ARC = YES;
				CLANG_ENABLE_OBJC_WEAK = YES;
				CLANG_WARN_BLOCK_CAPTURE_AUTORELEASING = YES;
				CLANG_WARN_BOOL_CONVERSION = YES;
				CLANG_WARN_COMMA = YES;
				CLANG_WARN_CONSTANT_CONVERSION = YES;
				CLANG_WARN_DEPRECATED_OBJC_IMPLEMENTATIONS = YES;
				CLANG_WARN_DIRECT_OBJC_ISA_USAGE = YES_ERROR;
				CLANG_WARN_DOCUMENTATION_COMMENTS = YES;
				CLANG_WARN_EMPTY_BODY = YES;
				CLANG_WARN_ENUM_CONVERSION = YES;
				CLANG_WARN_INFINITE_RECURSION = YES;
				CLANG_WARN_INT_CONVERSION = YES;
				CLANG_WARN_NON_LITERAL_NULL_CONVERSION = YES;
				CLANG_WARN_OBJC_IMPLICIT_RETAIN_SELF = YES;
				CLANG_WARN_OBJC_LITERAL_CONVERSION = YES;
				CLANG_WARN_OBJC_ROOT_CLASS = YES_ERROR;
				CLANG_WARN_RANGE_LOOP_ANALYSIS = YES;
				CLANG_WARN_STRICT_PROTOTYPES = YES;
				CLANG_WARN_SUSPICIOUS_MOVE = YES;
				CLANG_WARN_UNGUARDED_AVAILABILITY = YES_AGGRESSIVE;
				CLANG_WARN_UNREACHABLE_CODE = YES;
				CLANG_WARN__DUPLICATE_METHOD_MATCH = YES;
				COPY_PHASE_STRIP = NO;
				DEBUG_INFORMATION_FORMAT = dwarf;
				ENABLE_STRICT_OBJC_MSGSEND = YES;
				ENABLE_TESTABILITY = YES;
				GCC_C_LANGUAGE_STANDARD = gnu11;
				GCC_DYNAMIC_NO_PIC = NO;
				GCC_NO_COMMON_BLOCKS = YES;
				GCC_OPTIMIZATION_LEVEL = 0;
				GCC_PREPROCESSOR_DEFINITIONS = (
					"DEBUG=1",
					"$(inherited)",
				);
				GCC_WARN_64_TO_32_BIT_CONVERSION = YES;
				GCC_WARN_ABOUT_RETURN_TYPE = YES_ERROR;
				GCC_WARN_UNDECLARED_SELECTOR = YES;
				GCC_WARN_UNINITIALIZED_AUTOS = YES_AGGRESSIVE;
				GCC_WARN_UNUSED_FUNCTION = YES;
				GCC_WARN_UNUSED_VARIABLE = YES;
				IPHONEOS_DEPLOYMENT_TARGET = 13.1;
				MTL_ENABLE_DEBUG_INFO = INCLUDE_SOURCE;
				MTL_FAST_MATH = YES;
				ONLY_ACTIVE_ARCH = YES;
				SDKROOT = iphoneos;
				SWIFT_ACTIVE_COMPILATION_CONDITIONS = DEBUG;
				SWIFT_OPTIMIZATION_LEVEL = "-Onone";
			};
			name = Debug;
		};
		2D8DAE4523BE5E410031F340 /* Release */ = {
			isa = XCBuildConfiguration;
			buildSettings = {
				ALWAYS_SEARCH_USER_PATHS = NO;
				CLANG_ANALYZER_NONNULL = YES;
				CLANG_ANALYZER_NUMBER_OBJECT_CONVERSION = YES_AGGRESSIVE;
				CLANG_CXX_LANGUAGE_STANDARD = "gnu++14";
				CLANG_CXX_LIBRARY = "libc++";
				CLANG_ENABLE_MODULES = YES;
				CLANG_ENABLE_OBJC_ARC = YES;
				CLANG_ENABLE_OBJC_WEAK = YES;
				CLANG_WARN_BLOCK_CAPTURE_AUTORELEASING = YES;
				CLANG_WARN_BOOL_CONVERSION = YES;
				CLANG_WARN_COMMA = YES;
				CLANG_WARN_CONSTANT_CONVERSION = YES;
				CLANG_WARN_DEPRECATED_OBJC_IMPLEMENTATIONS = YES;
				CLANG_WARN_DIRECT_OBJC_ISA_USAGE = YES_ERROR;
				CLANG_WARN_DOCUMENTATION_COMMENTS = YES;
				CLANG_WARN_EMPTY_BODY = YES;
				CLANG_WARN_ENUM_CONVERSION = YES;
				CLANG_WARN_INFINITE_RECURSION = YES;
				CLANG_WARN_INT_CONVERSION = YES;
				CLANG_WARN_NON_LITERAL_NULL_CONVERSION = YES;
				CLANG_WARN_OBJC_IMPLICIT_RETAIN_SELF = YES;
				CLANG_WARN_OBJC_LITERAL_CONVERSION = YES;
				CLANG_WARN_OBJC_ROOT_CLASS = YES_ERROR;
				CLANG_WARN_RANGE_LOOP_ANALYSIS = YES;
				CLANG_WARN_STRICT_PROTOTYPES = YES;
				CLANG_WARN_SUSPICIOUS_MOVE = YES;
				CLANG_WARN_UNGUARDED_AVAILABILITY = YES_AGGRESSIVE;
				CLANG_WARN_UNREACHABLE_CODE = YES;
				CLANG_WARN__DUPLICATE_METHOD_MATCH = YES;
				COPY_PHASE_STRIP = NO;
				DEBUG_INFORMATION_FORMAT = "dwarf-with-dsym";
				ENABLE_NS_ASSERTIONS = NO;
				ENABLE_STRICT_OBJC_MSGSEND = YES;
				GCC_C_LANGUAGE_STANDARD = gnu11;
				GCC_NO_COMMON_BLOCKS = YES;
				GCC_WARN_64_TO_32_BIT_CONVERSION = YES;
				GCC_WARN_ABOUT_RETURN_TYPE = YES_ERROR;
				GCC_WARN_UNDECLARED_SELECTOR = YES;
				GCC_WARN_UNINITIALIZED_AUTOS = YES_AGGRESSIVE;
				GCC_WARN_UNUSED_FUNCTION = YES;
				GCC_WARN_UNUSED_VARIABLE = YES;
				IPHONEOS_DEPLOYMENT_TARGET = 13.1;
				MTL_ENABLE_DEBUG_INFO = NO;
				MTL_FAST_MATH = YES;
				SDKROOT = iphoneos;
				SWIFT_COMPILATION_MODE = wholemodule;
				SWIFT_OPTIMIZATION_LEVEL = "-O";
				VALIDATE_PRODUCT = YES;
			};
			name = Release;
		};
		2D8DAE4723BE5E410031F340 /* Debug */ = {
			isa = XCBuildConfiguration;
			buildSettings = {
				ASSETCATALOG_COMPILER_APPICON_NAME = AppIcon;
				CODE_SIGN_STYLE = Automatic;
				DEVELOPMENT_TEAM = 2NXAYK64DU;
				INFOPLIST_FILE = "News MVVM-C/Info.plist";
				LD_RUNPATH_SEARCH_PATHS = (
					"$(inherited)",
					"@executable_path/Frameworks",
				);
				PRODUCT_BUNDLE_IDENTIFIER = "onurtuna.org.News-MVVM-C";
				PRODUCT_NAME = "$(TARGET_NAME)";
				SWIFT_VERSION = 5.0;
				TARGETED_DEVICE_FAMILY = "1,2";
			};
			name = Debug;
		};
		2D8DAE4823BE5E410031F340 /* Release */ = {
			isa = XCBuildConfiguration;
			buildSettings = {
				ASSETCATALOG_COMPILER_APPICON_NAME = AppIcon;
				CODE_SIGN_STYLE = Automatic;
				DEVELOPMENT_TEAM = 2NXAYK64DU;
				INFOPLIST_FILE = "News MVVM-C/Info.plist";
				LD_RUNPATH_SEARCH_PATHS = (
					"$(inherited)",
					"@executable_path/Frameworks",
				);
				PRODUCT_BUNDLE_IDENTIFIER = "onurtuna.org.News-MVVM-C";
				PRODUCT_NAME = "$(TARGET_NAME)";
				SWIFT_VERSION = 5.0;
				TARGETED_DEVICE_FAMILY = "1,2";
			};
			name = Release;
		};
/* End XCBuildConfiguration section */

/* Begin XCConfigurationList section */
		2D8DAE2D23BE5E3E0031F340 /* Build configuration list for PBXProject "News MVVM-C" */ = {
			isa = XCConfigurationList;
			buildConfigurations = (
				2D8DAE4423BE5E410031F340 /* Debug */,
				2D8DAE4523BE5E410031F340 /* Release */,
			);
			defaultConfigurationIsVisible = 0;
			defaultConfigurationName = Release;
		};
		2D8DAE4623BE5E410031F340 /* Build configuration list for PBXNativeTarget "News MVVM-C" */ = {
			isa = XCConfigurationList;
			buildConfigurations = (
				2D8DAE4723BE5E410031F340 /* Debug */,
				2D8DAE4823BE5E410031F340 /* Release */,
			);
			defaultConfigurationIsVisible = 0;
			defaultConfigurationName = Release;
		};
/* End XCConfigurationList section */
	};
	rootObject = 2D8DAE2A23BE5E3E0031F340 /* Project object */;
}
